// !$*UTF8*$!
{
	archiveVersion = 1;
	classes = {
	};
	objectVersion = 46;
	objects = {

/* Begin PBXBuildFile section */
		791DED451EAEF5EF007FF646 /* LoginViewController.swift in Sources */ = {isa = PBXBuildFile; fileRef = 791DED441EAEF5EF007FF646 /* LoginViewController.swift */; };
		791DED481EAF0161007FF646 /* MessageBoardModels.swift in Sources */ = {isa = PBXBuildFile; fileRef = 791DED471EAF0161007FF646 /* MessageBoardModels.swift */; };
		791DED4A1EAF01A6007FF646 /* SchoolSystemModels.swift in Sources */ = {isa = PBXBuildFile; fileRef = 791DED491EAF01A6007FF646 /* SchoolSystemModels.swift */; };
		792B7FE51E82263F00E8E309 /* SAGlobal.swift in Sources */ = {isa = PBXBuildFile; fileRef = 792B7FE41E82263F00E8E309 /* SAGlobal.swift */; };
		792B7FE71E82268300E8E309 /* SAConfig.swift in Sources */ = {isa = PBXBuildFile; fileRef = 792B7FE61E82268300E8E309 /* SAConfig.swift */; };
		792BC7251EB1BCAC00B441FF /* GradesViewController.swift in Sources */ = {isa = PBXBuildFile; fileRef = 792BC7241EB1BCAC00B441FF /* GradesViewController.swift */; };
		792BC7271EB1BCED00B441FF /* GradeItemTableCell.swift in Sources */ = {isa = PBXBuildFile; fileRef = 792BC7261EB1BCED00B441FF /* GradeItemTableCell.swift */; };
		7930FC8B1EE3CB72004E6455 /* AboutViewController.swift in Sources */ = {isa = PBXBuildFile; fileRef = 7930FC8A1EE3CB72004E6455 /* AboutViewController.swift */; };
		7937FE0F1EB6B10F005EAA10 /* ClassScheduleViewController.swift in Sources */ = {isa = PBXBuildFile; fileRef = 7937FE0E1EB6B10F005EAA10 /* ClassScheduleViewController.swift */; };
		7937FE111EB6B136005EAA10 /* AnnouncementsViewController.swift in Sources */ = {isa = PBXBuildFile; fileRef = 7937FE101EB6B136005EAA10 /* AnnouncementsViewController.swift */; };
		7937FE131EB6B585005EAA10 /* LibraryViewController.swift in Sources */ = {isa = PBXBuildFile; fileRef = 7937FE121EB6B585005EAA10 /* LibraryViewController.swift */; };
		7937FE151EB6B6DB005EAA10 /* LibraryTableViewCell.swift in Sources */ = {isa = PBXBuildFile; fileRef = 7937FE141EB6B6DB005EAA10 /* LibraryTableViewCell.swift */; };
		794E8B181EEBA836007786DA /* NotificationCenter.framework in Frameworks */ = {isa = PBXBuildFile; fileRef = 794E8B171EEBA836007786DA /* NotificationCenter.framework */; };
		794E8B1B1EEBA836007786DA /* TodayViewController.swift in Sources */ = {isa = PBXBuildFile; fileRef = 794E8B1A1EEBA836007786DA /* TodayViewController.swift */; };
		794E8B1E1EEBA836007786DA /* MainInterface.storyboard in Resources */ = {isa = PBXBuildFile; fileRef = 794E8B1C1EEBA836007786DA /* MainInterface.storyboard */; };
		794E8B221EEBA836007786DA /* sa-ios-class-today.appex in Embed App Extensions */ = {isa = PBXBuildFile; fileRef = 794E8B161EEBA835007786DA /* sa-ios-class-today.appex */; settings = {ATTRIBUTES = (RemoveHeadersOnCopy, ); }; };
		794E8B271EEBAB31007786DA /* SchoolSystemModels.swift in Sources */ = {isa = PBXBuildFile; fileRef = 791DED491EAF01A6007FF646 /* SchoolSystemModels.swift */; };
		794E8B281EEBAB36007786DA /* SAConfig.swift in Sources */ = {isa = PBXBuildFile; fileRef = 792B7FE61E82268300E8E309 /* SAConfig.swift */; };
		794E8B291EEBAB39007786DA /* SAUtils.swift in Sources */ = {isa = PBXBuildFile; fileRef = 7969BDC71E8B636B0009BB4C /* SAUtils.swift */; };
		794E8B2A1EEBAB44007786DA /* SAGlobal.swift in Sources */ = {isa = PBXBuildFile; fileRef = 792B7FE41E82263F00E8E309 /* SAGlobal.swift */; };
		796241911EDE7CF5006898AB /* AnalyticsModels.swift in Sources */ = {isa = PBXBuildFile; fileRef = 796241901EDE7CF5006898AB /* AnalyticsModels.swift */; };
		796241931EDFB208006898AB /* ClassSessionTableCell.swift in Sources */ = {isa = PBXBuildFile; fileRef = 796241921EDFB208006898AB /* ClassSessionTableCell.swift */; };
		7967C7711EBE47EE00ABF4FC /* GradeFiltersViewController.swift in Sources */ = {isa = PBXBuildFile; fileRef = 7967C7701EBE47EE00ABF4FC /* GradeFiltersViewController.swift */; };
		7969BDC81E8B636B0009BB4C /* SAUtils.swift in Sources */ = {isa = PBXBuildFile; fileRef = 7969BDC71E8B636B0009BB4C /* SAUtils.swift */; };
		79AF926D1E73A6800091B535 /* Assets.xcassets in Resources */ = {isa = PBXBuildFile; fileRef = 79AF92631E73A6800091B535 /* Assets.xcassets */; };
		79AF926F1E73A6800091B535 /* LaunchScreen.storyboard in Resources */ = {isa = PBXBuildFile; fileRef = 79AF92661E73A6800091B535 /* LaunchScreen.storyboard */; };
		79AF92701E73A6800091B535 /* Main.storyboard in Resources */ = {isa = PBXBuildFile; fileRef = 79AF92671E73A6800091B535 /* Main.storyboard */; };
		79AF92711E73A6800091B535 /* HomeViewController.swift in Sources */ = {isa = PBXBuildFile; fileRef = 79AF926A1E73A6800091B535 /* HomeViewController.swift */; };
		79AF92721E73A6800091B535 /* AppDelegate.swift in Sources */ = {isa = PBXBuildFile; fileRef = 79AF926C1E73A6800091B535 /* AppDelegate.swift */; };
		79AF92751E73E1D20091B535 /* MessageBoardViewController.swift in Sources */ = {isa = PBXBuildFile; fileRef = 79AF92741E73E1D20091B535 /* MessageBoardViewController.swift */; };
		79BCB0DA1EDAC10500614C45 /* LibraryModels.swift in Sources */ = {isa = PBXBuildFile; fileRef = 79BCB0D91EDAC10500614C45 /* LibraryModels.swift */; };
		79BCB0DC1EDACFE600614C45 /* BookDetailsViewController.swift in Sources */ = {isa = PBXBuildFile; fileRef = 79BCB0DB1EDACFE600614C45 /* BookDetailsViewController.swift */; };
		79BCB0DE1EDAD1B400614C45 /* BookInventoryTableCell.swift in Sources */ = {isa = PBXBuildFile; fileRef = 79BCB0DD1EDAD1B400614C45 /* BookInventoryTableCell.swift */; };
		79BCB0E01EDB734B00614C45 /* AnnouncemtnesArticleViewController.swift in Sources */ = {isa = PBXBuildFile; fileRef = 79BCB0DF1EDB734B00614C45 /* AnnouncemtnesArticleViewController.swift */; };
		79BCB0E21EDB74C700614C45 /* AnnouncementsModels.swift in Sources */ = {isa = PBXBuildFile; fileRef = 79BCB0E11EDB74C700614C45 /* AnnouncementsModels.swift */; };
		79D11D431EAD69C500F63C09 /* NewPostViewController.swift in Sources */ = {isa = PBXBuildFile; fileRef = 79D11D421EAD69C500F63C09 /* NewPostViewController.swift */; };
		79D581261EB6BC95007F7E99 /* ExamScheduleViewController.swift in Sources */ = {isa = PBXBuildFile; fileRef = 79D581251EB6BC95007F7E99 /* ExamScheduleViewController.swift */; };
		79D6323B1E80EAA000328C0D /* MessageBoardListCell.swift in Sources */ = {isa = PBXBuildFile; fileRef = 79D6323A1E80EAA000328C0D /* MessageBoardListCell.swift */; };
		8DC8F9F9EBBDE8A1C7F7832D /* Pods_sa_ios.framework in Frameworks */ = {isa = PBXBuildFile; fileRef = 909FFD9DD9D5A5D1790517A2 /* Pods_sa_ios.framework */; };
		EB5AEEE4F8134C685173BB68 /* Pods_sa_ios_class_today.framework in Frameworks */ = {isa = PBXBuildFile; fileRef = 27B07DF954729EFC682993D2 /* Pods_sa_ios_class_today.framework */; };
/* End PBXBuildFile section */

/* Begin PBXContainerItemProxy section */
		794E8B201EEBA836007786DA /* PBXContainerItemProxy */ = {
			isa = PBXContainerItemProxy;
			containerPortal = 79AF92411E73A44D0091B535 /* Project object */;
			proxyType = 1;
			remoteGlobalIDString = 794E8B151EEBA835007786DA;
			remoteInfo = "sa-ios-class-today";
		};
/* End PBXContainerItemProxy section */

/* Begin PBXCopyFilesBuildPhase section */
		794E8B261EEBA836007786DA /* Embed App Extensions */ = {
			isa = PBXCopyFilesBuildPhase;
			buildActionMask = 2147483647;
			dstPath = "";
			dstSubfolderSpec = 13;
			files = (
				794E8B221EEBA836007786DA /* sa-ios-class-today.appex in Embed App Extensions */,
			);
			name = "Embed App Extensions";
			runOnlyForDeploymentPostprocessing = 0;
		};
/* End PBXCopyFilesBuildPhase section */

/* Begin PBXFileReference section */
		27B07DF954729EFC682993D2 /* Pods_sa_ios_class_today.framework */ = {isa = PBXFileReference; explicitFileType = wrapper.framework; includeInIndex = 0; path = Pods_sa_ios_class_today.framework; sourceTree = BUILT_PRODUCTS_DIR; };
		28857303E536878AB54BCB51 /* Pods-sa-ios.release.xcconfig */ = {isa = PBXFileReference; includeInIndex = 1; lastKnownFileType = text.xcconfig; name = "Pods-sa-ios.release.xcconfig"; path = "Pods/Target Support Files/Pods-sa-ios/Pods-sa-ios.release.xcconfig"; sourceTree = "<group>"; };
		2C146D99D4F63A3CFF0D1C65 /* Pods-sa-ios-class-today.debug.xcconfig */ = {isa = PBXFileReference; includeInIndex = 1; lastKnownFileType = text.xcconfig; name = "Pods-sa-ios-class-today.debug.xcconfig"; path = "Pods/Target Support Files/Pods-sa-ios-class-today/Pods-sa-ios-class-today.debug.xcconfig"; sourceTree = "<group>"; };
		7913B1EC1E7E2D070030281C /* sa-ios-Bridging-Header.h */ = {isa = PBXFileReference; lastKnownFileType = sourcecode.c.h; path = "sa-ios-Bridging-Header.h"; sourceTree = "<group>"; };
		791DED441EAEF5EF007FF646 /* LoginViewController.swift */ = {isa = PBXFileReference; fileEncoding = 4; lastKnownFileType = sourcecode.swift; path = LoginViewController.swift; sourceTree = "<group>"; };
		791DED471EAF0161007FF646 /* MessageBoardModels.swift */ = {isa = PBXFileReference; fileEncoding = 4; lastKnownFileType = sourcecode.swift; path = MessageBoardModels.swift; sourceTree = "<group>"; };
		791DED491EAF01A6007FF646 /* SchoolSystemModels.swift */ = {isa = PBXFileReference; fileEncoding = 4; lastKnownFileType = sourcecode.swift; lineEnding = 0; path = SchoolSystemModels.swift; sourceTree = "<group>"; xcLanguageSpecificationIdentifier = xcode.lang.swift; };
		792B7FE41E82263F00E8E309 /* SAGlobal.swift */ = {isa = PBXFileReference; fileEncoding = 4; lastKnownFileType = sourcecode.swift; path = SAGlobal.swift; sourceTree = "<group>"; };
		792B7FE61E82268300E8E309 /* SAConfig.swift */ = {isa = PBXFileReference; fileEncoding = 4; lastKnownFileType = sourcecode.swift; path = SAConfig.swift; sourceTree = "<group>"; };
		792BC7241EB1BCAC00B441FF /* GradesViewController.swift */ = {isa = PBXFileReference; fileEncoding = 4; lastKnownFileType = sourcecode.swift; path = GradesViewController.swift; sourceTree = "<group>"; };
		792BC7261EB1BCED00B441FF /* GradeItemTableCell.swift */ = {isa = PBXFileReference; fileEncoding = 4; lastKnownFileType = sourcecode.swift; path = GradeItemTableCell.swift; sourceTree = "<group>"; };
		7930FC8A1EE3CB72004E6455 /* AboutViewController.swift */ = {isa = PBXFileReference; fileEncoding = 4; lastKnownFileType = sourcecode.swift; path = AboutViewController.swift; sourceTree = "<group>"; };
		7937FE0E1EB6B10F005EAA10 /* ClassScheduleViewController.swift */ = {isa = PBXFileReference; fileEncoding = 4; lastKnownFileType = sourcecode.swift; path = ClassScheduleViewController.swift; sourceTree = "<group>"; };
		7937FE101EB6B136005EAA10 /* AnnouncementsViewController.swift */ = {isa = PBXFileReference; fileEncoding = 4; lastKnownFileType = sourcecode.swift; path = AnnouncementsViewController.swift; sourceTree = "<group>"; };
		7937FE121EB6B585005EAA10 /* LibraryViewController.swift */ = {isa = PBXFileReference; fileEncoding = 4; lastKnownFileType = sourcecode.swift; path = LibraryViewController.swift; sourceTree = "<group>"; };
		7937FE141EB6B6DB005EAA10 /* LibraryTableViewCell.swift */ = {isa = PBXFileReference; fileEncoding = 4; lastKnownFileType = sourcecode.swift; path = LibraryTableViewCell.swift; sourceTree = "<group>"; };
		793F2D7B1EE4A7190056B81B /* sa-ios.entitlements */ = {isa = PBXFileReference; lastKnownFileType = text.plist.entitlements; name = "sa-ios.entitlements"; path = "../sa-ios.entitlements"; sourceTree = "<group>"; };
		794E8B161EEBA835007786DA /* sa-ios-class-today.appex */ = {isa = PBXFileReference; explicitFileType = "wrapper.app-extension"; includeInIndex = 0; path = "sa-ios-class-today.appex"; sourceTree = BUILT_PRODUCTS_DIR; };
		794E8B171EEBA836007786DA /* NotificationCenter.framework */ = {isa = PBXFileReference; lastKnownFileType = wrapper.framework; name = NotificationCenter.framework; path = System/Library/Frameworks/NotificationCenter.framework; sourceTree = SDKROOT; };
		794E8B1A1EEBA836007786DA /* TodayViewController.swift */ = {isa = PBXFileReference; lastKnownFileType = sourcecode.swift; path = TodayViewController.swift; sourceTree = "<group>"; };
		794E8B1D1EEBA836007786DA /* Base */ = {isa = PBXFileReference; lastKnownFileType = file.storyboard; name = Base; path = Base.lproj/MainInterface.storyboard; sourceTree = "<group>"; };
		794E8B1F1EEBA836007786DA /* Info.plist */ = {isa = PBXFileReference; lastKnownFileType = text.plist.xml; path = Info.plist; sourceTree = "<group>"; };
		794E8B2B1EEBB194007786DA /* sa-ios-class-today.entitlements */ = {isa = PBXFileReference; lastKnownFileType = text.plist.entitlements; path = "sa-ios-class-today.entitlements"; sourceTree = "<group>"; };
		796241901EDE7CF5006898AB /* AnalyticsModels.swift */ = {isa = PBXFileReference; fileEncoding = 4; lastKnownFileType = sourcecode.swift; path = AnalyticsModels.swift; sourceTree = "<group>"; };
		796241921EDFB208006898AB /* ClassSessionTableCell.swift */ = {isa = PBXFileReference; fileEncoding = 4; lastKnownFileType = sourcecode.swift; path = ClassSessionTableCell.swift; sourceTree = "<group>"; };
		7967C7701EBE47EE00ABF4FC /* GradeFiltersViewController.swift */ = {isa = PBXFileReference; fileEncoding = 4; lastKnownFileType = sourcecode.swift; path = GradeFiltersViewController.swift; sourceTree = "<group>"; };
		7969BDC71E8B636B0009BB4C /* SAUtils.swift */ = {isa = PBXFileReference; fileEncoding = 4; lastKnownFileType = sourcecode.swift; path = SAUtils.swift; sourceTree = "<group>"; };
		79AF92491E73A44D0091B535 /* sa-ios.app */ = {isa = PBXFileReference; explicitFileType = wrapper.application; includeInIndex = 0; path = "sa-ios.app"; sourceTree = BUILT_PRODUCTS_DIR; };
		79AF92631E73A6800091B535 /* Assets.xcassets */ = {isa = PBXFileReference; lastKnownFileType = folder.assetcatalog; path = Assets.xcassets; sourceTree = "<group>"; };
		79AF92641E73A6800091B535 /* Info.plist */ = {isa = PBXFileReference; fileEncoding = 4; lastKnownFileType = text.plist.xml; path = Info.plist; sourceTree = "<group>"; };
		79AF92661E73A6800091B535 /* LaunchScreen.storyboard */ = {isa = PBXFileReference; fileEncoding = 4; lastKnownFileType = file.storyboard; path = LaunchScreen.storyboard; sourceTree = "<group>"; };
		79AF92671E73A6800091B535 /* Main.storyboard */ = {isa = PBXFileReference; fileEncoding = 4; lastKnownFileType = file.storyboard; path = Main.storyboard; sourceTree = "<group>"; };
		79AF926A1E73A6800091B535 /* HomeViewController.swift */ = {isa = PBXFileReference; fileEncoding = 4; lastKnownFileType = sourcecode.swift; path = HomeViewController.swift; sourceTree = "<group>"; };
		79AF926C1E73A6800091B535 /* AppDelegate.swift */ = {isa = PBXFileReference; fileEncoding = 4; lastKnownFileType = sourcecode.swift; path = AppDelegate.swift; sourceTree = "<group>"; };
		79AF92741E73E1D20091B535 /* MessageBoardViewController.swift */ = {isa = PBXFileReference; fileEncoding = 4; lastKnownFileType = sourcecode.swift; path = MessageBoardViewController.swift; sourceTree = "<group>"; };
		79BCB0D91EDAC10500614C45 /* LibraryModels.swift */ = {isa = PBXFileReference; fileEncoding = 4; lastKnownFileType = sourcecode.swift; lineEnding = 0; path = LibraryModels.swift; sourceTree = "<group>"; xcLanguageSpecificationIdentifier = xcode.lang.swift; };
		79BCB0DB1EDACFE600614C45 /* BookDetailsViewController.swift */ = {isa = PBXFileReference; fileEncoding = 4; lastKnownFileType = sourcecode.swift; path = BookDetailsViewController.swift; sourceTree = "<group>"; };
		79BCB0DD1EDAD1B400614C45 /* BookInventoryTableCell.swift */ = {isa = PBXFileReference; fileEncoding = 4; lastKnownFileType = sourcecode.swift; path = BookInventoryTableCell.swift; sourceTree = "<group>"; };
		79BCB0DF1EDB734B00614C45 /* AnnouncemtnesArticleViewController.swift */ = {isa = PBXFileReference; fileEncoding = 4; lastKnownFileType = sourcecode.swift; path = AnnouncemtnesArticleViewController.swift; sourceTree = "<group>"; };
		79BCB0E11EDB74C700614C45 /* AnnouncementsModels.swift */ = {isa = PBXFileReference; fileEncoding = 4; lastKnownFileType = sourcecode.swift; lineEnding = 0; path = AnnouncementsModels.swift; sourceTree = "<group>"; xcLanguageSpecificationIdentifier = xcode.lang.swift; };
		79D11D421EAD69C500F63C09 /* NewPostViewController.swift */ = {isa = PBXFileReference; fileEncoding = 4; lastKnownFileType = sourcecode.swift; path = NewPostViewController.swift; sourceTree = "<group>"; };
		79D581251EB6BC95007F7E99 /* ExamScheduleViewController.swift */ = {isa = PBXFileReference; fileEncoding = 4; lastKnownFileType = sourcecode.swift; path = ExamScheduleViewController.swift; sourceTree = "<group>"; };
		79D6323A1E80EAA000328C0D /* MessageBoardListCell.swift */ = {isa = PBXFileReference; fileEncoding = 4; lastKnownFileType = sourcecode.swift; path = MessageBoardListCell.swift; sourceTree = "<group>"; };
		7C2BFBE9F1C877A34C28E1BF /* Pods-sa-ios.debug.xcconfig */ = {isa = PBXFileReference; includeInIndex = 1; lastKnownFileType = text.xcconfig; name = "Pods-sa-ios.debug.xcconfig"; path = "Pods/Target Support Files/Pods-sa-ios/Pods-sa-ios.debug.xcconfig"; sourceTree = "<group>"; };
		909FFD9DD9D5A5D1790517A2 /* Pods_sa_ios.framework */ = {isa = PBXFileReference; explicitFileType = wrapper.framework; includeInIndex = 0; path = Pods_sa_ios.framework; sourceTree = BUILT_PRODUCTS_DIR; };
		C6803186FDD0B8190393B8AD /* Pods-sa-ios-class-today.release.xcconfig */ = {isa = PBXFileReference; includeInIndex = 1; lastKnownFileType = text.xcconfig; name = "Pods-sa-ios-class-today.release.xcconfig"; path = "Pods/Target Support Files/Pods-sa-ios-class-today/Pods-sa-ios-class-today.release.xcconfig"; sourceTree = "<group>"; };
/* End PBXFileReference section */

/* Begin PBXFrameworksBuildPhase section */
		794E8B131EEBA835007786DA /* Frameworks */ = {
			isa = PBXFrameworksBuildPhase;
			buildActionMask = 2147483647;
			files = (
				794E8B181EEBA836007786DA /* NotificationCenter.framework in Frameworks */,
				EB5AEEE4F8134C685173BB68 /* Pods_sa_ios_class_today.framework in Frameworks */,
			);
			runOnlyForDeploymentPostprocessing = 0;
		};
		79AF92461E73A44D0091B535 /* Frameworks */ = {
			isa = PBXFrameworksBuildPhase;
			buildActionMask = 2147483647;
			files = (
				8DC8F9F9EBBDE8A1C7F7832D /* Pods_sa_ios.framework in Frameworks */,
			);
			runOnlyForDeploymentPostprocessing = 0;
		};
/* End PBXFrameworksBuildPhase section */

/* Begin PBXGroup section */
		51712083479279D8CF667581 /* Pods */ = {
			isa = PBXGroup;
			children = (
				7C2BFBE9F1C877A34C28E1BF /* Pods-sa-ios.debug.xcconfig */,
				28857303E536878AB54BCB51 /* Pods-sa-ios.release.xcconfig */,
				2C146D99D4F63A3CFF0D1C65 /* Pods-sa-ios-class-today.debug.xcconfig */,
				C6803186FDD0B8190393B8AD /* Pods-sa-ios-class-today.release.xcconfig */,
			);
			name = Pods;
			sourceTree = "<group>";
		};
		791DED431EAEF5D8007FF646 /* login */ = {
			isa = PBXGroup;
			children = (
				791DED441EAEF5EF007FF646 /* LoginViewController.swift */,
			);
			path = login;
			sourceTree = "<group>";
		};
		791DED461EAF00CE007FF646 /* models */ = {
			isa = PBXGroup;
			children = (
				796241901EDE7CF5006898AB /* AnalyticsModels.swift */,
				79BCB0E11EDB74C700614C45 /* AnnouncementsModels.swift */,
				79BCB0D91EDAC10500614C45 /* LibraryModels.swift */,
				791DED471EAF0161007FF646 /* MessageBoardModels.swift */,
				791DED491EAF01A6007FF646 /* SchoolSystemModels.swift */,
			);
			path = models;
			sourceTree = "<group>";
		};
		792B7FE31E82261200E8E309 /* utils */ = {
			isa = PBXGroup;
			children = (
				792B7FE41E82263F00E8E309 /* SAGlobal.swift */,
				792B7FE61E82268300E8E309 /* SAConfig.swift */,
				7969BDC71E8B636B0009BB4C /* SAUtils.swift */,
			);
			path = utils;
			sourceTree = "<group>";
		};
		792BC7231EB1BC9700B441FF /* grades */ = {
			isa = PBXGroup;
			children = (
				792BC7241EB1BCAC00B441FF /* GradesViewController.swift */,
				792BC7261EB1BCED00B441FF /* GradeItemTableCell.swift */,
				7967C7701EBE47EE00ABF4FC /* GradeFiltersViewController.swift */,
			);
			path = grades;
			sourceTree = "<group>";
		};
		7930FC891EE3A69F004E6455 /* about */ = {
			isa = PBXGroup;
			children = (
				7930FC8A1EE3CB72004E6455 /* AboutViewController.swift */,
			);
			path = about;
			sourceTree = "<group>";
		};
		7937FE0B1EB6B0B8005EAA10 /* announcements */ = {
			isa = PBXGroup;
			children = (
				7937FE101EB6B136005EAA10 /* AnnouncementsViewController.swift */,
				79BCB0DF1EDB734B00614C45 /* AnnouncemtnesArticleViewController.swift */,
			);
			path = announcements;
			sourceTree = "<group>";
		};
		7937FE0C1EB6B0B8005EAA10 /* classschedule */ = {
			isa = PBXGroup;
			children = (
				7937FE0E1EB6B10F005EAA10 /* ClassScheduleViewController.swift */,
				796241921EDFB208006898AB /* ClassSessionTableCell.swift */,
			);
			path = classschedule;
			sourceTree = "<group>";
		};
		7937FE0D1EB6B0B8005EAA10 /* library */ = {
			isa = PBXGroup;
			children = (
				7937FE121EB6B585005EAA10 /* LibraryViewController.swift */,
				7937FE141EB6B6DB005EAA10 /* LibraryTableViewCell.swift */,
				79BCB0DB1EDACFE600614C45 /* BookDetailsViewController.swift */,
				79BCB0DD1EDAD1B400614C45 /* BookInventoryTableCell.swift */,
			);
			path = library;
			sourceTree = "<group>";
		};
		794E8B191EEBA836007786DA /* sa-ios-class-today */ = {
			isa = PBXGroup;
			children = (
				794E8B2B1EEBB194007786DA /* sa-ios-class-today.entitlements */,
				794E8B1A1EEBA836007786DA /* TodayViewController.swift */,
				794E8B1C1EEBA836007786DA /* MainInterface.storyboard */,
				794E8B1F1EEBA836007786DA /* Info.plist */,
			);
			path = "sa-ios-class-today";
			sourceTree = "<group>";
		};
		79AF92401E73A44D0091B535 = {
			isa = PBXGroup;
			children = (
				79AF924B1E73A44D0091B535 /* sa-ios */,
				794E8B191EEBA836007786DA /* sa-ios-class-today */,
				79AF924A1E73A44D0091B535 /* Products */,
				51712083479279D8CF667581 /* Pods */,
				DB0367F5B6ACEA3393D022D4 /* Frameworks */,
			);
			sourceTree = "<group>";
		};
		79AF924A1E73A44D0091B535 /* Products */ = {
			isa = PBXGroup;
			children = (
				79AF92491E73A44D0091B535 /* sa-ios.app */,
				794E8B161EEBA835007786DA /* sa-ios-class-today.appex */,
			);
			name = Products;
			sourceTree = "<group>";
		};
		79AF924B1E73A44D0091B535 /* sa-ios */ = {
			isa = PBXGroup;
			children = (
				79AF92621E73A6800091B535 /* res */,
				79AF92681E73A6800091B535 /* src */,
			);
			path = "sa-ios";
			sourceTree = "<group>";
		};
		79AF92621E73A6800091B535 /* res */ = {
			isa = PBXGroup;
			children = (
				79AF92631E73A6800091B535 /* Assets.xcassets */,
				79AF92641E73A6800091B535 /* Info.plist */,
				793F2D7B1EE4A7190056B81B /* sa-ios.entitlements */,
				79AF92651E73A6800091B535 /* ui */,
			);
			path = res;
			sourceTree = "<group>";
		};
		79AF92651E73A6800091B535 /* ui */ = {
			isa = PBXGroup;
			children = (
				79AF92661E73A6800091B535 /* LaunchScreen.storyboard */,
				79AF92671E73A6800091B535 /* Main.storyboard */,
			);
			path = ui;
			sourceTree = "<group>";
		};
		79AF92681E73A6800091B535 /* src */ = {
			isa = PBXGroup;
			children = (
				79AF926B1E73A6800091B535 /* main */,
				792B7FE31E82261200E8E309 /* utils */,
				791DED461EAF00CE007FF646 /* models */,
				79AF92691E73A6800091B535 /* home */,
				791DED431EAEF5D8007FF646 /* login */,
				7937FE0C1EB6B0B8005EAA10 /* classschedule */,
				79D581241EB6BC7A007F7E99 /* examschedule */,
				792BC7231EB1BC9700B441FF /* grades */,
				7937FE0B1EB6B0B8005EAA10 /* announcements */,
				7937FE0D1EB6B0B8005EAA10 /* library */,
				79AF92731E73E17F0091B535 /* msgboard */,
				7930FC891EE3A69F004E6455 /* about */,
			);
			path = src;
			sourceTree = "<group>";
		};
		79AF92691E73A6800091B535 /* home */ = {
			isa = PBXGroup;
			children = (
				79AF926A1E73A6800091B535 /* HomeViewController.swift */,
			);
			path = home;
			sourceTree = "<group>";
		};
		79AF926B1E73A6800091B535 /* main */ = {
			isa = PBXGroup;
			children = (
				7913B1EC1E7E2D070030281C /* sa-ios-Bridging-Header.h */,
				79AF926C1E73A6800091B535 /* AppDelegate.swift */,
			);
			path = main;
			sourceTree = "<group>";
		};
		79AF92731E73E17F0091B535 /* msgboard */ = {
			isa = PBXGroup;
			children = (
				79AF92741E73E1D20091B535 /* MessageBoardViewController.swift */,
				79D6323A1E80EAA000328C0D /* MessageBoardListCell.swift */,
				79D11D421EAD69C500F63C09 /* NewPostViewController.swift */,
			);
			path = msgboard;
			sourceTree = "<group>";
		};
		79D581241EB6BC7A007F7E99 /* examschedule */ = {
			isa = PBXGroup;
			children = (
				79D581251EB6BC95007F7E99 /* ExamScheduleViewController.swift */,
			);
			path = examschedule;
			sourceTree = "<group>";
		};
		DB0367F5B6ACEA3393D022D4 /* Frameworks */ = {
			isa = PBXGroup;
			children = (
				909FFD9DD9D5A5D1790517A2 /* Pods_sa_ios.framework */,
				794E8B171EEBA836007786DA /* NotificationCenter.framework */,
				27B07DF954729EFC682993D2 /* Pods_sa_ios_class_today.framework */,
			);
			name = Frameworks;
			sourceTree = "<group>";
		};
/* End PBXGroup section */

/* Begin PBXNativeTarget section */
		794E8B151EEBA835007786DA /* sa-ios-class-today */ = {
			isa = PBXNativeTarget;
			buildConfigurationList = 794E8B251EEBA836007786DA /* Build configuration list for PBXNativeTarget "sa-ios-class-today" */;
			buildPhases = (
				AB98BFE41A7A9087DD646B71 /* [CP] Check Pods Manifest.lock */,
				794E8B121EEBA835007786DA /* Sources */,
				794E8B131EEBA835007786DA /* Frameworks */,
				794E8B141EEBA835007786DA /* Resources */,
				840D74B7DF536213D05CE1C6 /* [CP] Copy Pods Resources */,
			);
			buildRules = (
			);
			dependencies = (
			);
			name = "sa-ios-class-today";
			productName = "sa-ios-class-today";
			productReference = 794E8B161EEBA835007786DA /* sa-ios-class-today.appex */;
			productType = "com.apple.product-type.app-extension";
		};
		79AF92481E73A44D0091B535 /* sa-ios */ = {
			isa = PBXNativeTarget;
			buildConfigurationList = 79AF925B1E73A44D0091B535 /* Build configuration list for PBXNativeTarget "sa-ios" */;
			buildPhases = (
				E41342F6953B193432147847 /* [CP] Check Pods Manifest.lock */,
				79AF92451E73A44D0091B535 /* Sources */,
				79AF92461E73A44D0091B535 /* Frameworks */,
				79AF92471E73A44D0091B535 /* Resources */,
				C9F9DA367E848DBF9285A489 /* [CP] Embed Pods Frameworks */,
				F5DA612171D519CDCE85A5C1 /* [CP] Copy Pods Resources */,
				794E8B261EEBA836007786DA /* Embed App Extensions */,
			);
			buildRules = (
			);
			dependencies = (
				794E8B211EEBA836007786DA /* PBXTargetDependency */,
			);
			name = "sa-ios";
			productName = "sa-ios";
			productReference = 79AF92491E73A44D0091B535 /* sa-ios.app */;
			productType = "com.apple.product-type.application";
		};
/* End PBXNativeTarget section */

/* Begin PBXProject section */
		79AF92411E73A44D0091B535 /* Project object */ = {
			isa = PBXProject;
			attributes = {
				LastSwiftUpdateCheck = 0830;
				LastUpgradeCheck = 0820;
				TargetAttributes = {
					794E8B151EEBA835007786DA = {
						CreatedOnToolsVersion = 8.3.3;
						DevelopmentTeam = 7H36CP54VX;
						ProvisioningStyle = Automatic;
						SystemCapabilities = {
							com.apple.ApplicationGroups.iOS = {
								enabled = 1;
							};
						};
					};
					79AF92481E73A44D0091B535 = {
						CreatedOnToolsVersion = 8.2.1;
						DevelopmentTeam = 7H36CP54VX;
						LastSwiftMigration = 0820;
						ProvisioningStyle = Automatic;
						SystemCapabilities = {
							com.apple.ApplicationGroups.iOS = {
								enabled = 1;
							};
							com.apple.Push = {
								enabled = 1;
							};
						};
					};
				};
			};
			buildConfigurationList = 79AF92441E73A44D0091B535 /* Build configuration list for PBXProject "sa-ios" */;
			compatibilityVersion = "Xcode 3.2";
			developmentRegion = English;
			hasScannedForEncodings = 0;
			knownRegions = (
				en,
				Base,
			);
			mainGroup = 79AF92401E73A44D0091B535;
			productRefGroup = 79AF924A1E73A44D0091B535 /* Products */;
			projectDirPath = "";
			projectRoot = "";
			targets = (
				79AF92481E73A44D0091B535 /* sa-ios */,
				794E8B151EEBA835007786DA /* sa-ios-class-today */,
			);
		};
/* End PBXProject section */

/* Begin PBXResourcesBuildPhase section */
		794E8B141EEBA835007786DA /* Resources */ = {
			isa = PBXResourcesBuildPhase;
			buildActionMask = 2147483647;
			files = (
				794E8B1E1EEBA836007786DA /* MainInterface.storyboard in Resources */,
			);
			runOnlyForDeploymentPostprocessing = 0;
		};
		79AF92471E73A44D0091B535 /* Resources */ = {
			isa = PBXResourcesBuildPhase;
			buildActionMask = 2147483647;
			files = (
				79AF926F1E73A6800091B535 /* LaunchScreen.storyboard in Resources */,
				79AF926D1E73A6800091B535 /* Assets.xcassets in Resources */,
				79AF92701E73A6800091B535 /* Main.storyboard in Resources */,
			);
			runOnlyForDeploymentPostprocessing = 0;
		};
/* End PBXResourcesBuildPhase section */

/* Begin PBXShellScriptBuildPhase section */
		840D74B7DF536213D05CE1C6 /* [CP] Copy Pods Resources */ = {
			isa = PBXShellScriptBuildPhase;
			buildActionMask = 2147483647;
			files = (
			);
			inputPaths = (
			);
			name = "[CP] Copy Pods Resources";
			outputPaths = (
			);
			runOnlyForDeploymentPostprocessing = 0;
			shellPath = /bin/sh;
			shellScript = "\"${SRCROOT}/Pods/Target Support Files/Pods-sa-ios-class-today/Pods-sa-ios-class-today-resources.sh\"\n";
			showEnvVarsInLog = 0;
		};
		AB98BFE41A7A9087DD646B71 /* [CP] Check Pods Manifest.lock */ = {
			isa = PBXShellScriptBuildPhase;
			buildActionMask = 2147483647;
			files = (
			);
			inputPaths = (
			);
			name = "[CP] Check Pods Manifest.lock";
			outputPaths = (
			);
			runOnlyForDeploymentPostprocessing = 0;
			shellPath = /bin/sh;
			shellScript = "diff \"${PODS_PODFILE_DIR_PATH}/Podfile.lock\" \"${PODS_ROOT}/Manifest.lock\" > /dev/null\nif [ $? != 0 ] ; then\n    # print error to STDERR\n    echo \"error: The sandbox is not in sync with the Podfile.lock. Run 'pod install' or update your CocoaPods installation.\" >&2\n    exit 1\nfi\n";
			showEnvVarsInLog = 0;
		};
		C9F9DA367E848DBF9285A489 /* [CP] Embed Pods Frameworks */ = {
			isa = PBXShellScriptBuildPhase;
			buildActionMask = 2147483647;
			files = (
			);
			inputPaths = (
			);
			name = "[CP] Embed Pods Frameworks";
			outputPaths = (
			);
			runOnlyForDeploymentPostprocessing = 0;
			shellPath = /bin/sh;
			shellScript = "\"${SRCROOT}/Pods/Target Support Files/Pods-sa-ios/Pods-sa-ios-frameworks.sh\"\n";
			showEnvVarsInLog = 0;
		};
		E41342F6953B193432147847 /* [CP] Check Pods Manifest.lock */ = {
			isa = PBXShellScriptBuildPhase;
			buildActionMask = 2147483647;
			files = (
			);
			inputPaths = (
			);
			name = "[CP] Check Pods Manifest.lock";
			outputPaths = (
			);
			runOnlyForDeploymentPostprocessing = 0;
			shellPath = /bin/sh;
			shellScript = "diff \"${PODS_PODFILE_DIR_PATH}/Podfile.lock\" \"${PODS_ROOT}/Manifest.lock\" > /dev/null\nif [ $? != 0 ] ; then\n    # print error to STDERR\n    echo \"error: The sandbox is not in sync with the Podfile.lock. Run 'pod install' or update your CocoaPods installation.\" >&2\n    exit 1\nfi\n";
			showEnvVarsInLog = 0;
		};
		F5DA612171D519CDCE85A5C1 /* [CP] Copy Pods Resources */ = {
			isa = PBXShellScriptBuildPhase;
			buildActionMask = 2147483647;
			files = (
			);
			inputPaths = (
			);
			name = "[CP] Copy Pods Resources";
			outputPaths = (
			);
			runOnlyForDeploymentPostprocessing = 0;
			shellPath = /bin/sh;
			shellScript = "\"${SRCROOT}/Pods/Target Support Files/Pods-sa-ios/Pods-sa-ios-resources.sh\"\n";
			showEnvVarsInLog = 0;
		};
/* End PBXShellScriptBuildPhase section */

/* Begin PBXSourcesBuildPhase section */
		794E8B121EEBA835007786DA /* Sources */ = {
			isa = PBXSourcesBuildPhase;
			buildActionMask = 2147483647;
			files = (
				794E8B271EEBAB31007786DA /* SchoolSystemModels.swift in Sources */,
				794E8B291EEBAB39007786DA /* SAUtils.swift in Sources */,
				794E8B1B1EEBA836007786DA /* TodayViewController.swift in Sources */,
				794E8B2A1EEBAB44007786DA /* SAGlobal.swift in Sources */,
				794E8B281EEBAB36007786DA /* SAConfig.swift in Sources */,
			);
			runOnlyForDeploymentPostprocessing = 0;
		};
		79AF92451E73A44D0091B535 /* Sources */ = {
			isa = PBXSourcesBuildPhase;
			buildActionMask = 2147483647;
			files = (
				7937FE0F1EB6B10F005EAA10 /* ClassScheduleViewController.swift in Sources */,
				79BCB0DC1EDACFE600614C45 /* BookDetailsViewController.swift in Sources */,
				792B7FE51E82263F00E8E309 /* SAGlobal.swift in Sources */,
				791DED4A1EAF01A6007FF646 /* SchoolSystemModels.swift in Sources */,
				79BCB0DA1EDAC10500614C45 /* LibraryModels.swift in Sources */,
				7937FE151EB6B6DB005EAA10 /* LibraryTableViewCell.swift in Sources */,
				79BCB0E21EDB74C700614C45 /* AnnouncementsModels.swift in Sources */,
				79BCB0DE1EDAD1B400614C45 /* BookInventoryTableCell.swift in Sources */,
				792B7FE71E82268300E8E309 /* SAConfig.swift in Sources */,
				79AF92751E73E1D20091B535 /* MessageBoardViewController.swift in Sources */,
				79AF92721E73A6800091B535 /* AppDelegate.swift in Sources */,
				791DED481EAF0161007FF646 /* MessageBoardModels.swift in Sources */,
				7930FC8B1EE3CB72004E6455 /* AboutViewController.swift in Sources */,
				79D581261EB6BC95007F7E99 /* ExamScheduleViewController.swift in Sources */,
				7937FE111EB6B136005EAA10 /* AnnouncementsViewController.swift in Sources */,
				792BC7251EB1BCAC00B441FF /* GradesViewController.swift in Sources */,
				7967C7711EBE47EE00ABF4FC /* GradeFiltersViewController.swift in Sources */,
				79D6323B1E80EAA000328C0D /* MessageBoardListCell.swift in Sources */,
				796241911EDE7CF5006898AB /* AnalyticsModels.swift in Sources */,
				7937FE131EB6B585005EAA10 /* LibraryViewController.swift in Sources */,
				792BC7271EB1BCED00B441FF /* GradeItemTableCell.swift in Sources */,
				796241931EDFB208006898AB /* ClassSessionTableCell.swift in Sources */,
				79D11D431EAD69C500F63C09 /* NewPostViewController.swift in Sources */,
				79BCB0E01EDB734B00614C45 /* AnnouncemtnesArticleViewController.swift in Sources */,
				7969BDC81E8B636B0009BB4C /* SAUtils.swift in Sources */,
				79AF92711E73A6800091B535 /* HomeViewController.swift in Sources */,
				791DED451EAEF5EF007FF646 /* LoginViewController.swift in Sources */,
			);
			runOnlyForDeploymentPostprocessing = 0;
		};
/* End PBXSourcesBuildPhase section */

/* Begin PBXTargetDependency section */
		794E8B211EEBA836007786DA /* PBXTargetDependency */ = {
			isa = PBXTargetDependency;
			target = 794E8B151EEBA835007786DA /* sa-ios-class-today */;
			targetProxy = 794E8B201EEBA836007786DA /* PBXContainerItemProxy */;
		};
/* End PBXTargetDependency section */

/* Begin PBXVariantGroup section */
		794E8B1C1EEBA836007786DA /* MainInterface.storyboard */ = {
			isa = PBXVariantGroup;
			children = (
				794E8B1D1EEBA836007786DA /* Base */,
			);
			name = MainInterface.storyboard;
			sourceTree = "<group>";
		};
/* End PBXVariantGroup section */

/* Begin XCBuildConfiguration section */
		794E8B231EEBA836007786DA /* Debug */ = {
			isa = XCBuildConfiguration;
			baseConfigurationReference = 2C146D99D4F63A3CFF0D1C65 /* Pods-sa-ios-class-today.debug.xcconfig */;
			buildSettings = {
				CLANG_ANALYZER_NUMBER_OBJECT_CONVERSION = YES_AGGRESSIVE;
				CODE_SIGN_ENTITLEMENTS = "sa-ios-class-today/sa-ios-class-today.entitlements";
				DEVELOPMENT_TEAM = 7H36CP54VX;
				INFOPLIST_FILE = "sa-ios-class-today/Info.plist";
				IPHONEOS_DEPLOYMENT_TARGET = 8.0;
				LD_RUNPATH_SEARCH_PATHS = "$(inherited) @executable_path/Frameworks @executable_path/../../Frameworks";
				OTHER_SWIFT_FLAGS = "$(inherited) \"-D\" \"COCOAPODS\" \"-D\" \"TARGET_IS_EXTENSION\"";
				PRODUCT_BUNDLE_IDENTIFIER = "org.fatlyz.zfquery.class-today";
				PRODUCT_NAME = "$(TARGET_NAME)";
				SKIP_INSTALL = YES;
				SWIFT_VERSION = 3.0;
			};
			name = Debug;
		};
		794E8B241EEBA836007786DA /* Release */ = {
			isa = XCBuildConfiguration;
			baseConfigurationReference = C6803186FDD0B8190393B8AD /* Pods-sa-ios-class-today.release.xcconfig */;
			buildSettings = {
				CLANG_ANALYZER_NUMBER_OBJECT_CONVERSION = YES_AGGRESSIVE;
				CODE_SIGN_ENTITLEMENTS = "sa-ios-class-today/sa-ios-class-today.entitlements";
				DEVELOPMENT_TEAM = 7H36CP54VX;
				INFOPLIST_FILE = "sa-ios-class-today/Info.plist";
				IPHONEOS_DEPLOYMENT_TARGET = 8.0;
				LD_RUNPATH_SEARCH_PATHS = "$(inherited) @executable_path/Frameworks @executable_path/../../Frameworks";
				OTHER_SWIFT_FLAGS = "$(inherited) \"-D\" \"COCOAPODS\" \"-D\" \"TARGET_IS_EXTENSION\"";
				PRODUCT_BUNDLE_IDENTIFIER = "org.fatlyz.zfquery.class-today";
				PRODUCT_NAME = "$(TARGET_NAME)";
				SKIP_INSTALL = YES;
				SWIFT_VERSION = 3.0;
			};
			name = Release;
		};
		79AF92591E73A44D0091B535 /* Debug */ = {
			isa = XCBuildConfiguration;
			buildSettings = {
				ALWAYS_SEARCH_USER_PATHS = NO;
				CLANG_ANALYZER_NONNULL = YES;
				CLANG_CXX_LANGUAGE_STANDARD = "gnu++0x";
				CLANG_CXX_LIBRARY = "libc++";
				CLANG_ENABLE_MODULES = YES;
				CLANG_ENABLE_OBJC_ARC = YES;
				CLANG_WARN_BOOL_CONVERSION = YES;
				CLANG_WARN_CONSTANT_CONVERSION = YES;
				CLANG_WARN_DIRECT_OBJC_ISA_USAGE = YES_ERROR;
				CLANG_WARN_DOCUMENTATION_COMMENTS = YES;
				CLANG_WARN_EMPTY_BODY = YES;
				CLANG_WARN_ENUM_CONVERSION = YES;
				CLANG_WARN_INFINITE_RECURSION = YES;
				CLANG_WARN_INT_CONVERSION = YES;
				CLANG_WARN_OBJC_ROOT_CLASS = YES_ERROR;
				CLANG_WARN_SUSPICIOUS_MOVE = YES;
				CLANG_WARN_UNREACHABLE_CODE = YES;
				CLANG_WARN__DUPLICATE_METHOD_MATCH = YES;
				"CODE_SIGN_IDENTITY[sdk=iphoneos*]" = "iPhone Developer";
				COPY_PHASE_STRIP = NO;
				DEBUG_INFORMATION_FORMAT = dwarf;
				ENABLE_STRICT_OBJC_MSGSEND = YES;
				ENABLE_TESTABILITY = YES;
				GCC_C_LANGUAGE_STANDARD = gnu99;
				GCC_DYNAMIC_NO_PIC = NO;
				GCC_NO_COMMON_BLOCKS = YES;
				GCC_OPTIMIZATION_LEVEL = 0;
				GCC_PREPROCESSOR_DEFINITIONS = (
					"DEBUG=1",
					"$(inherited)",
				);
				GCC_WARN_64_TO_32_BIT_CONVERSION = YES;
				GCC_WARN_ABOUT_RETURN_TYPE = YES_ERROR;
				GCC_WARN_UNDECLARED_SELECTOR = YES;
				GCC_WARN_UNINITIALIZED_AUTOS = YES_AGGRESSIVE;
				GCC_WARN_UNUSED_FUNCTION = YES;
				GCC_WARN_UNUSED_VARIABLE = YES;
				IPHONEOS_DEPLOYMENT_TARGET = 9.0;
				MTL_ENABLE_DEBUG_INFO = YES;
				ONLY_ACTIVE_ARCH = YES;
				SDKROOT = iphoneos;
				SWIFT_ACTIVE_COMPILATION_CONDITIONS = DEBUG;
				SWIFT_OPTIMIZATION_LEVEL = "-Onone";
				TARGETED_DEVICE_FAMILY = "1,2";
			};
			name = Debug;
		};
		79AF925A1E73A44D0091B535 /* Release */ = {
			isa = XCBuildConfiguration;
			buildSettings = {
				ALWAYS_SEARCH_USER_PATHS = NO;
				CLANG_ANALYZER_NONNULL = YES;
				CLANG_CXX_LANGUAGE_STANDARD = "gnu++0x";
				CLANG_CXX_LIBRARY = "libc++";
				CLANG_ENABLE_MODULES = YES;
				CLANG_ENABLE_OBJC_ARC = YES;
				CLANG_WARN_BOOL_CONVERSION = YES;
				CLANG_WARN_CONSTANT_CONVERSION = YES;
				CLANG_WARN_DIRECT_OBJC_ISA_USAGE = YES_ERROR;
				CLANG_WARN_DOCUMENTATION_COMMENTS = YES;
				CLANG_WARN_EMPTY_BODY = YES;
				CLANG_WARN_ENUM_CONVERSION = YES;
				CLANG_WARN_INFINITE_RECURSION = YES;
				CLANG_WARN_INT_CONVERSION = YES;
				CLANG_WARN_OBJC_ROOT_CLASS = YES_ERROR;
				CLANG_WARN_SUSPICIOUS_MOVE = YES;
				CLANG_WARN_UNREACHABLE_CODE = YES;
				CLANG_WARN__DUPLICATE_METHOD_MATCH = YES;
				"CODE_SIGN_IDENTITY[sdk=iphoneos*]" = "iPhone Developer";
				COPY_PHASE_STRIP = NO;
				DEBUG_INFORMATION_FORMAT = "dwarf-with-dsym";
				ENABLE_NS_ASSERTIONS = NO;
				ENABLE_STRICT_OBJC_MSGSEND = YES;
				GCC_C_LANGUAGE_STANDARD = gnu99;
				GCC_NO_COMMON_BLOCKS = YES;
				GCC_WARN_64_TO_32_BIT_CONVERSION = YES;
				GCC_WARN_ABOUT_RETURN_TYPE = YES_ERROR;
				GCC_WARN_UNDECLARED_SELECTOR = YES;
				GCC_WARN_UNINITIALIZED_AUTOS = YES_AGGRESSIVE;
				GCC_WARN_UNUSED_FUNCTION = YES;
				GCC_WARN_UNUSED_VARIABLE = YES;
				IPHONEOS_DEPLOYMENT_TARGET = 9.0;
				MTL_ENABLE_DEBUG_INFO = NO;
				SDKROOT = iphoneos;
				SWIFT_OPTIMIZATION_LEVEL = "-Owholemodule";
				TARGETED_DEVICE_FAMILY = "1,2";
				VALIDATE_PRODUCT = YES;
			};
			name = Release;
		};
		79AF925C1E73A44D0091B535 /* Debug */ = {
			isa = XCBuildConfiguration;
			baseConfigurationReference = 7C2BFBE9F1C877A34C28E1BF /* Pods-sa-ios.debug.xcconfig */;
			buildSettings = {
				ASSETCATALOG_COMPILER_APPICON_NAME = AppIcon;
				CLANG_ENABLE_MODULES = YES;
				CODE_SIGN_ENTITLEMENTS = "sa-ios/sa-ios.entitlements";
				"CODE_SIGN_IDENTITY[sdk=iphoneos*]" = "iPhone Developer";
				DEVELOPMENT_TEAM = 7H36CP54VX;
				INFOPLIST_FILE = "$(SRCROOT)/sa-ios/res/Info.plist";
				IPHONEOS_DEPLOYMENT_TARGET = 8.0;
				LD_RUNPATH_SEARCH_PATHS = "$(inherited) @executable_path/Frameworks";
				PRODUCT_BUNDLE_IDENTIFIER = org.fatlyz.zfquery;
				PRODUCT_NAME = "$(TARGET_NAME)";
				SWIFT_OBJC_BRIDGING_HEADER = "sa-ios/src/main/sa-ios-Bridging-Header.h";
				SWIFT_OPTIMIZATION_LEVEL = "-Onone";
				SWIFT_VERSION = 3.0;
			};
			name = Debug;
		};
		79AF925D1E73A44D0091B535 /* Release */ = {
			isa = XCBuildConfiguration;
			baseConfigurationReference = 28857303E536878AB54BCB51 /* Pods-sa-ios.release.xcconfig */;
			buildSettings = {
				ASSETCATALOG_COMPILER_APPICON_NAME = AppIcon;
				CLANG_ENABLE_MODULES = YES;
				CODE_SIGN_ENTITLEMENTS = "sa-ios/sa-ios.entitlements";
				"CODE_SIGN_IDENTITY[sdk=iphoneos*]" = "iPhone Developer";
				DEVELOPMENT_TEAM = 7H36CP54VX;
				INFOPLIST_FILE = "$(SRCROOT)/sa-ios/res/Info.plist";
				IPHONEOS_DEPLOYMENT_TARGET = 8.0;
				LD_RUNPATH_SEARCH_PATHS = "$(inherited) @executable_path/Frameworks";
				PRODUCT_BUNDLE_IDENTIFIER = org.fatlyz.zfquery;
				PRODUCT_NAME = "$(TARGET_NAME)";
				SWIFT_OBJC_BRIDGING_HEADER = "sa-ios/src/main/sa-ios-Bridging-Header.h";
				SWIFT_VERSION = 3.0;
			};
			name = Release;
		};
/* End XCBuildConfiguration section */

/* Begin XCConfigurationList section */
		794E8B251EEBA836007786DA /* Build configuration list for PBXNativeTarget "sa-ios-class-today" */ = {
			isa = XCConfigurationList;
			buildConfigurations = (
				794E8B231EEBA836007786DA /* Debug */,
				794E8B241EEBA836007786DA /* Release */,
			);
			defaultConfigurationIsVisible = 0;
			defaultConfigurationName = Release;
		};
		79AF92441E73A44D0091B535 /* Build configuration list for PBXProject "sa-ios" */ = {
			isa = XCConfigurationList;
			buildConfigurations = (
				79AF92591E73A44D0091B535 /* Debug */,
				79AF925A1E73A44D0091B535 /* Release */,
			);
			defaultConfigurationIsVisible = 0;
			defaultConfigurationName = Release;
		};
		79AF925B1E73A44D0091B535 /* Build configuration list for PBXNativeTarget "sa-ios" */ = {
			isa = XCConfigurationList;
			buildConfigurations = (
				79AF925C1E73A44D0091B535 /* Debug */,
				79AF925D1E73A44D0091B535 /* Release */,
			);
			defaultConfigurationIsVisible = 0;
			defaultConfigurationName = Release;
		};
/* End XCConfigurationList section */
	};
	rootObject = 79AF92411E73A44D0091B535 /* Project object */;
}
