PODS:
  - Alamofire (4.4.0)
  - AlamofireNetworkActivityIndicator (2.1.0):
    - Alamofire (~> 4.1)
  - GoogleAnalytics (3.17.0)
  - KSCrash (1.15.3):
    - KSCrash/Installations (= 1.15.3)
  - KSCrash/Installations (1.15.3):
    - KSCrash/Recording
    - KSCrash/Reporting
  - KSCrash/Recording (1.15.3):
    - KSCrash/Recording/Tools (= 1.15.3)
  - KSCrash/Recording/Tools (1.15.3)
  - KSCrash/Reporting (1.15.3):
    - KSCrash/Recording
    - KSCrash/Reporting/Filters (= 1.15.3)
    - KSCrash/Reporting/MessageUI (= 1.15.3)
    - KSCrash/Reporting/Sinks (= 1.15.3)
    - KSCrash/Reporting/Tools (= 1.15.3)
  - KSCrash/Reporting/Filters (1.15.3):
    - KSCrash/Recording
    - KSCrash/Reporting/Filters/Alert (= 1.15.3)
    - KSCrash/Reporting/Filters/AppleFmt (= 1.15.3)
    - KSCrash/Reporting/Filters/Base (= 1.15.3)
    - KSCrash/Reporting/Filters/Basic (= 1.15.3)
    - KSCrash/Reporting/Filters/GZip (= 1.15.3)
    - KSCrash/Reporting/Filters/JSON (= 1.15.3)
    - KSCrash/Reporting/Filters/Sets (= 1.15.3)
    - KSCrash/Reporting/Filters/Stringify (= 1.15.3)
    - KSCrash/Reporting/Filters/Tools (= 1.15.3)
  - KSCrash/Reporting/Filters/Alert (1.15.3):
    - KSCrash/Recording
    - KSCrash/Reporting/Filters/Base
  - KSCrash/Reporting/Filters/AppleFmt (1.15.3):
    - KSCrash/Recording
    - KSCrash/Reporting/Filters/Base
  - KSCrash/Reporting/Filters/Base (1.15.3):
    - KSCrash/Recording
  - KSCrash/Reporting/Filters/Basic (1.15.3):
    - KSCrash/Recording
    - KSCrash/Reporting/Filters/Base
  - KSCrash/Reporting/Filters/GZip (1.15.3):
    - KSCrash/Recording
    - KSCrash/Reporting/Filters/Base
  - KSCrash/Reporting/Filters/JSON (1.15.3):
    - KSCrash/Recording
    - KSCrash/Reporting/Filters/Base
  - KSCrash/Reporting/Filters/Sets (1.15.3):
    - KSCrash/Recording
    - KSCrash/Reporting/Filters/AppleFmt
    - KSCrash/Reporting/Filters/Base
    - KSCrash/Reporting/Filters/Basic
    - KSCrash/Reporting/Filters/GZip
    - KSCrash/Reporting/Filters/JSON
    - KSCrash/Reporting/Filters/Stringify
  - KSCrash/Reporting/Filters/Stringify (1.15.3):
    - KSCrash/Recording
    - KSCrash/Reporting/Filters/Base
  - KSCrash/Reporting/Filters/Tools (1.15.3):
    - KSCrash/Recording
  - KSCrash/Reporting/MessageUI (1.15.3):
    - KSCrash/Recording
  - KSCrash/Reporting/Sinks (1.15.3):
    - KSCrash/Recording
    - KSCrash/Reporting/Filters
    - KSCrash/Reporting/Tools
  - KSCrash/Reporting/Tools (1.15.3):
    - KSCrash/Recording
  - Sentry (2.1.6):
    - KSCrash (~> 1.15.3)

DEPENDENCIES:
  - Alamofire (~> 4.4)
  - AlamofireNetworkActivityIndicator (~> 2.0)
  - GoogleAnalytics (~> 3.17.0)
  - Sentry (from `https://github.com/getsentry/sentry-swift.git`, tag `2.1.6`)

EXTERNAL SOURCES:
  Sentry:
    :git: https://github.com/getsentry/sentry-swift.git
    :tag: 2.1.6

CHECKOUT OPTIONS:
  Sentry:
    :git: https://github.com/getsentry/sentry-swift.git
    :tag: 2.1.6

SPEC CHECKSUMS:
  Alamofire: dc44b1600b800eb63da6a19039a0083d62a6a62d
  AlamofireNetworkActivityIndicator: 4716f6554bdfb9c7cf13b1e0e3af21163129690a
  GoogleAnalytics: f42cc53a87a51fe94334821868d9c8481ff47a7b
  KSCrash: f344875321256d5906569a0853d73c6354a9f6f4
  Sentry: a1d7e0f25dcd80a1b990d67837e9d9c5f186c6c6

PODFILE CHECKSUM: 24e4ebe824afd14ce05cf3a759634052bce30624

COCOAPODS: 1.2.0
