PODS:
  - Alamofire (4.5.0)
  - AlamofireNetworkActivityIndicator (2.2.0):
    - Alamofire (~> 4.5)
  - AlamofireObjectMapper (4.1.0):
    - Alamofire (~> 4.1)
    - ObjectMapper (~> 2.0)
  - GoogleAnalytics (3.17.0)
  - ObjectMapper (2.2.8)
  - OneSignal (2.5.4)
  - Rollbar (0.2.0)

DEPENDENCIES:
  - Alamofire (~> 4.5)
  - AlamofireNetworkActivityIndicator (~> 2.2)
  - AlamofireObjectMapper (~> 4.0)
  - GoogleAnalytics (~> 3.17.0)
  - OneSignal (< 3.0, >= 2.5.2)
  - Rollbar (~> 0.2.0)

SPEC CHECKSUMS:
  Alamofire: f28cdffd29de33a7bfa022cbd63ae95a27fae140
  AlamofireNetworkActivityIndicator: 81e1630e7cfed22a4e4e82a174c59e651dc4f8ca
  AlamofireObjectMapper: 435adc82f5b367679bd9e71c4974a54efd0b2521
  GoogleAnalytics: f42cc53a87a51fe94334821868d9c8481ff47a7b
  ObjectMapper: 3d571bb5af471c779e1160828cd9ad5c4ef90958
  OneSignal: da994bcf6a2efbdceaf71e389e1d05245c562899
  Rollbar: 7f9f6faab9138cbb1b152f0a500e68f0469554ef

PODFILE CHECKSUM: 390d071ed72e186769ee743fe86a41dfba2dd58e

COCOAPODS: 1.2.1
